// !$*UTF8*$!
{
	archiveVersion = 1;
	classes = {
	};
	objectVersion = 48;
	objects = {

/* Begin PBXBuildFile section */
		9B86DF6320119E5A00C14520 /* AppDelegate.m in Sources */ = {isa = PBXBuildFile; fileRef = 9B86DF6220119E5A00C14520 /* AppDelegate.m */; };
		9B86DF6620119E5A00C14520 /* ViewController.m in Sources */ = {isa = PBXBuildFile; fileRef = 9B86DF6520119E5A00C14520 /* ViewController.m */; };
		9B86DF6920119E5A00C14520 /* Main.storyboard in Resources */ = {isa = PBXBuildFile; fileRef = 9B86DF6720119E5A00C14520 /* Main.storyboard */; };
		9B86DF6B20119E5A00C14520 /* Assets.xcassets in Resources */ = {isa = PBXBuildFile; fileRef = 9B86DF6A20119E5A00C14520 /* Assets.xcassets */; };
		9B86DF6E20119E5A00C14520 /* LaunchScreen.storyboard in Resources */ = {isa = PBXBuildFile; fileRef = 9B86DF6C20119E5A00C14520 /* LaunchScreen.storyboard */; };
		9B86DF7120119E5A00C14520 /* main.m in Sources */ = {isa = PBXBuildFile; fileRef = 9B86DF7020119E5A00C14520 /* main.m */; };
		9B86DF7A2011A0A300C14520 /* YZWaterfallCell.m in Sources */ = {isa = PBXBuildFile; fileRef = 9B86DF782011A0A300C14520 /* YZWaterfallCell.m */; };
		9B86DF7B2011A0A300C14520 /* YZWaterfallCell.xib in Resources */ = {isa = PBXBuildFile; fileRef = 9B86DF792011A0A300C14520 /* YZWaterfallCell.xib */; };
		9B86DF7D2011A2B700C14520 /* images.plist in Resources */ = {isa = PBXBuildFile; fileRef = 9B86DF7C2011A2B700C14520 /* images.plist */; };
		9B86DF802011D0A500C14520 /* YZImageObj.m in Sources */ = {isa = PBXBuildFile; fileRef = 9B86DF7F2011D0A500C14520 /* YZImageObj.m */; };
		9B86DF832011D57000C14520 /* YZWaterfallLayout.m in Sources */ = {isa = PBXBuildFile; fileRef = 9B86DF822011D57000C14520 /* YZWaterfallLayout.m */; };
		E64974FA27FC852762A8F087 /* libPods-YZWaterfallLayout.a in Frameworks */ = {isa = PBXBuildFile; fileRef = C7C922C6BCAAF43007EBAD9F /* libPods-YZWaterfallLayout.a */; };
/* End PBXBuildFile section */

/* Begin PBXFileReference section */
		838E7D044B9621BE8A1A04F0 /* Pods-YZWaterfallLayout.debug.xcconfig */ = {isa = PBXFileReference; includeInIndex = 1; lastKnownFileType = text.xcconfig; name = "Pods-YZWaterfallLayout.debug.xcconfig"; path = "Pods/Target Support Files/Pods-YZWaterfallLayout/Pods-YZWaterfallLayout.debug.xcconfig"; sourceTree = "<group>"; };
		9B86DF5E20119E5A00C14520 /* YZWaterfallLayout.app */ = {isa = PBXFileReference; explicitFileType = wrapper.application; includeInIndex = 0; path = YZWaterfallLayout.app; sourceTree = BUILT_PRODUCTS_DIR; };
		9B86DF6120119E5A00C14520 /* AppDelegate.h */ = {isa = PBXFileReference; lastKnownFileType = sourcecode.c.h; path = AppDelegate.h; sourceTree = "<group>"; };
		9B86DF6220119E5A00C14520 /* AppDelegate.m */ = {isa = PBXFileReference; lastKnownFileType = sourcecode.c.objc; path = AppDelegate.m; sourceTree = "<group>"; };
		9B86DF6420119E5A00C14520 /* ViewController.h */ = {isa = PBXFileReference; lastKnownFileType = sourcecode.c.h; path = ViewController.h; sourceTree = "<group>"; };
		9B86DF6520119E5A00C14520 /* ViewController.m */ = {isa = PBXFileReference; lastKnownFileType = sourcecode.c.objc; path = ViewController.m; sourceTree = "<group>"; };
		9B86DF6820119E5A00C14520 /* Base */ = {isa = PBXFileReference; lastKnownFileType = file.storyboard; name = Base; path = Base.lproj/Main.storyboard; sourceTree = "<group>"; };
		9B86DF6A20119E5A00C14520 /* Assets.xcassets */ = {isa = PBXFileReference; lastKnownFileType = folder.assetcatalog; path = Assets.xcassets; sourceTree = "<group>"; };
		9B86DF6D20119E5A00C14520 /* Base */ = {isa = PBXFileReference; lastKnownFileType = file.storyboard; name = Base; path = Base.lproj/LaunchScreen.storyboard; sourceTree = "<group>"; };
		9B86DF6F20119E5A00C14520 /* Info.plist */ = {isa = PBXFileReference; lastKnownFileType = text.plist.xml; path = Info.plist; sourceTree = "<group>"; };
		9B86DF7020119E5A00C14520 /* main.m */ = {isa = PBXFileReference; lastKnownFileType = sourcecode.c.objc; path = main.m; sourceTree = "<group>"; };
		9B86DF772011A0A300C14520 /* YZWaterfallCell.h */ = {isa = PBXFileReference; lastKnownFileType = sourcecode.c.h; path = YZWaterfallCell.h; sourceTree = "<group>"; };
		9B86DF782011A0A300C14520 /* YZWaterfallCell.m */ = {isa = PBXFileReference; lastKnownFileType = sourcecode.c.objc; path = YZWaterfallCell.m; sourceTree = "<group>"; };
		9B86DF792011A0A300C14520 /* YZWaterfallCell.xib */ = {isa = PBXFileReference; lastKnownFileType = file.xib; path = YZWaterfallCell.xib; sourceTree = "<group>"; };
		9B86DF7C2011A2B700C14520 /* images.plist */ = {isa = PBXFileReference; fileEncoding = 4; lastKnownFileType = text.plist.xml; path = images.plist; sourceTree = "<group>"; };
		9B86DF7E2011D0A500C14520 /* YZImageObj.h */ = {isa = PBXFileReference; lastKnownFileType = sourcecode.c.h; path = YZImageObj.h; sourceTree = "<group>"; };
		9B86DF7F2011D0A500C14520 /* YZImageObj.m */ = {isa = PBXFileReference; lastKnownFileType = sourcecode.c.objc; path = YZImageObj.m; sourceTree = "<group>"; };
		9B86DF812011D57000C14520 /* YZWaterfallLayout.h */ = {isa = PBXFileReference; lastKnownFileType = sourcecode.c.h; path = YZWaterfallLayout.h; sourceTree = "<group>"; };
		9B86DF822011D57000C14520 /* YZWaterfallLayout.m */ = {isa = PBXFileReference; lastKnownFileType = sourcecode.c.objc; path = YZWaterfallLayout.m; sourceTree = "<group>"; };
		C7C922C6BCAAF43007EBAD9F /* libPods-YZWaterfallLayout.a */ = {isa = PBXFileReference; explicitFileType = archive.ar; includeInIndex = 0; path = "libPods-YZWaterfallLayout.a"; sourceTree = BUILT_PRODUCTS_DIR; };
		DF057797FE6B217E011D5AE1 /* Pods-YZWaterfallLayout.release.xcconfig */ = {isa = PBXFileReference; includeInIndex = 1; lastKnownFileType = text.xcconfig; name = "Pods-YZWaterfallLayout.release.xcconfig"; path = "Pods/Target Support Files/Pods-YZWaterfallLayout/Pods-YZWaterfallLayout.release.xcconfig"; sourceTree = "<group>"; };
/* End PBXFileReference section */

/* Begin PBXFrameworksBuildPhase section */
		9B86DF5B20119E5A00C14520 /* Frameworks */ = {
			isa = PBXFrameworksBuildPhase;
			buildActionMask = 2147483647;
			files = (
				E64974FA27FC852762A8F087 /* libPods-YZWaterfallLayout.a in Frameworks */,
			);
			runOnlyForDeploymentPostprocessing = 0;
		};
/* End PBXFrameworksBuildPhase section */

/* Begin PBXGroup section */
		5519A820DA0712B41F197642 /* Frameworks */ = {
			isa = PBXGroup;
			children = (
				C7C922C6BCAAF43007EBAD9F /* libPods-YZWaterfallLayout.a */,
			);
			name = Frameworks;
			sourceTree = "<group>";
		};
		9B86DF5520119E5A00C14520 = {
			isa = PBXGroup;
			children = (
				9B86DF6020119E5A00C14520 /* YZWaterfallLayout */,
				9B86DF5F20119E5A00C14520 /* Products */,
				DA002909EBC044C20DEB2A0D /* Pods */,
				5519A820DA0712B41F197642 /* Frameworks */,
			);
			sourceTree = "<group>";
		};
		9B86DF5F20119E5A00C14520 /* Products */ = {
			isa = PBXGroup;
			children = (
				9B86DF5E20119E5A00C14520 /* YZWaterfallLayout.app */,
			);
			name = Products;
			sourceTree = "<group>";
		};
		9B86DF6020119E5A00C14520 /* YZWaterfallLayout */ = {
			isa = PBXGroup;
			children = (
				9B86DF6120119E5A00C14520 /* AppDelegate.h */,
				9B86DF6220119E5A00C14520 /* AppDelegate.m */,
				9B86DF812011D57000C14520 /* YZWaterfallLayout.h */,
				9B86DF822011D57000C14520 /* YZWaterfallLayout.m */,
				9B86DF6420119E5A00C14520 /* ViewController.h */,
				9B86DF6520119E5A00C14520 /* ViewController.m */,
				9B86DF772011A0A300C14520 /* YZWaterfallCell.h */,
				9B86DF782011A0A300C14520 /* YZWaterfallCell.m */,
				9B86DF792011A0A300C14520 /* YZWaterfallCell.xib */,
				9B86DF7E2011D0A500C14520 /* YZImageObj.h */,
				9B86DF7F2011D0A500C14520 /* YZImageObj.m */,
				9B86DF6720119E5A00C14520 /* Main.storyboard */,
				9B86DF6A20119E5A00C14520 /* Assets.xcassets */,
				9B86DF6C20119E5A00C14520 /* LaunchScreen.storyboard */,
				9B86DF7C2011A2B700C14520 /* images.plist */,
				9B86DF6F20119E5A00C14520 /* Info.plist */,
				9B86DF7020119E5A00C14520 /* main.m */,
			);
			path = YZWaterfallLayout;
			sourceTree = "<group>";
		};
		DA002909EBC044C20DEB2A0D /* Pods */ = {
			isa = PBXGroup;
			children = (
				838E7D044B9621BE8A1A04F0 /* Pods-YZWaterfallLayout.debug.xcconfig */,
				DF057797FE6B217E011D5AE1 /* Pods-YZWaterfallLayout.release.xcconfig */,
			);
			name = Pods;
			sourceTree = "<group>";
		};
/* End PBXGroup section */

/* Begin PBXNativeTarget section */
		9B86DF5D20119E5A00C14520 /* YZWaterfallLayout */ = {
			isa = PBXNativeTarget;
			buildConfigurationList = 9B86DF7420119E5A00C14520 /* Build configuration list for PBXNativeTarget "YZWaterfallLayout" */;
			buildPhases = (
				F4FD0EF6E80B19C41ECEEB69 /* [CP] Check Pods Manifest.lock */,
				9B86DF5A20119E5A00C14520 /* Sources */,
				9B86DF5B20119E5A00C14520 /* Frameworks */,
				9B86DF5C20119E5A00C14520 /* Resources */,
				813F0B1426E84DFFF75435E8 /* [CP] Embed Pods Frameworks */,
				03108C5B88BB73984273B491 /* [CP] Copy Pods Resources */,
			);
			buildRules = (
			);
			dependencies = (
			);
			name = YZWaterfallLayout;
			productName = YZWaterfallLayout;
			productReference = 9B86DF5E20119E5A00C14520 /* YZWaterfallLayout.app */;
			productType = "com.apple.product-type.application";
		};
/* End PBXNativeTarget section */

/* Begin PBXProject section */
		9B86DF5620119E5A00C14520 /* Project object */ = {
			isa = PBXProject;
			attributes = {
				LastUpgradeCheck = 0920;
				ORGANIZATIONNAME = yanzhen;
				TargetAttributes = {
					9B86DF5D20119E5A00C14520 = {
						CreatedOnToolsVersion = 9.2;
						ProvisioningStyle = Automatic;
					};
				};
			};
			buildConfigurationList = 9B86DF5920119E5A00C14520 /* Build configuration list for PBXProject "YZWaterfallLayout" */;
			compatibilityVersion = "Xcode 8.0";
			developmentRegion = en;
			hasScannedForEncodings = 0;
			knownRegions = (
				en,
				Base,
			);
			mainGroup = 9B86DF5520119E5A00C14520;
			productRefGroup = 9B86DF5F20119E5A00C14520 /* Products */;
			projectDirPath = "";
			projectRoot = "";
			targets = (
				9B86DF5D20119E5A00C14520 /* YZWaterfallLayout */,
			);
		};
/* End PBXProject section */

/* Begin PBXResourcesBuildPhase section */
		9B86DF5C20119E5A00C14520 /* Resources */ = {
			isa = PBXResourcesBuildPhase;
			buildActionMask = 2147483647;
			files = (
				9B86DF6E20119E5A00C14520 /* LaunchScreen.storyboard in Resources */,
				9B86DF7B2011A0A300C14520 /* YZWaterfallCell.xib in Resources */,
				9B86DF6B20119E5A00C14520 /* Assets.xcassets in Resources */,
				9B86DF6920119E5A00C14520 /* Main.storyboard in Resources */,
				9B86DF7D2011A2B700C14520 /* images.plist in Resources */,
			);
			runOnlyForDeploymentPostprocessing = 0;
		};
/* End PBXResourcesBuildPhase section */

/* Begin PBXShellScriptBuildPhase section */
		03108C5B88BB73984273B491 /* [CP] Copy Pods Resources */ = {
			isa = PBXShellScriptBuildPhase;
			buildActionMask = 2147483647;
			files = (
			);
			inputPaths = (
			);
			name = "[CP] Copy Pods Resources";
			outputPaths = (
			);
			runOnlyForDeploymentPostprocessing = 0;
			shellPath = /bin/sh;
			shellScript = "\"${SRCROOT}/Pods/Target Support Files/Pods-YZWaterfallLayout/Pods-YZWaterfallLayout-resources.sh\"\n";
			showEnvVarsInLog = 0;
		};
		813F0B1426E84DFFF75435E8 /* [CP] Embed Pods Frameworks */ = {
			isa = PBXShellScriptBuildPhase;
			buildActionMask = 2147483647;
			files = (
			);
			inputPaths = (
			);
			name = "[CP] Embed Pods Frameworks";
			outputPaths = (
			);
			runOnlyForDeploymentPostprocessing = 0;
			shellPath = /bin/sh;
			shellScript = "\"${SRCROOT}/Pods/Target Support Files/Pods-YZWaterfallLayout/Pods-YZWaterfallLayout-frameworks.sh\"\n";
			showEnvVarsInLog = 0;
		};
		F4FD0EF6E80B19C41ECEEB69 /* [CP] Check Pods Manifest.lock */ = {
			isa = PBXShellScriptBuildPhase;
			buildActionMask = 2147483647;
			files = (
			);
			inputPaths = (
				"${PODS_PODFILE_DIR_PATH}/Podfile.lock",
				"${PODS_ROOT}/Manifest.lock",
			);
			name = "[CP] Check Pods Manifest.lock";
			outputPaths = (
				"$(DERIVED_FILE_DIR)/Pods-YZWaterfallLayout-checkManifestLockResult.txt",
			);
			runOnlyForDeploymentPostprocessing = 0;
			shellPath = /bin/sh;
			shellScript = "diff \"${PODS_PODFILE_DIR_PATH}/Podfile.lock\" \"${PODS_ROOT}/Manifest.lock\" > /dev/null\nif [ $? != 0 ] ; then\n    # print error to STDERR\n    echo \"error: The sandbox is not in sync with the Podfile.lock. Run 'pod install' or update your CocoaPods installation.\" >&2\n    exit 1\nfi\n# This output is used by Xcode 'outputs' to avoid re-running this script phase.\necho \"SUCCESS\" > \"${SCRIPT_OUTPUT_FILE_0}\"\n";
			showEnvVarsInLog = 0;
		};
/* End PBXShellScriptBuildPhase section */

/* Begin PBXSourcesBuildPhase section */
		9B86DF5A20119E5A00C14520 /* Sources */ = {
			isa = PBXSourcesBuildPhase;
			buildActionMask = 2147483647;
			files = (
				9B86DF802011D0A500C14520 /* YZImageObj.m in Sources */,
				9B86DF6620119E5A00C14520 /* ViewController.m in Sources */,
				9B86DF7A2011A0A300C14520 /* YZWaterfallCell.m in Sources */,
				9B86DF7120119E5A00C14520 /* main.m in Sources */,
				9B86DF6320119E5A00C14520 /* AppDelegate.m in Sources */,
				9B86DF832011D57000C14520 /* YZWaterfallLayout.m in Sources */,
			);
			runOnlyForDeploymentPostprocessing = 0;
		};
/* End PBXSourcesBuildPhase section */

/* Begin PBXVariantGroup section */
		9B86DF6720119E5A00C14520 /* Main.storyboard */ = {
			isa = PBXVariantGroup;
			children = (
				9B86DF6820119E5A00C14520 /* Base */,
			);
			name = Main.storyboard;
			sourceTree = "<group>";
		};
		9B86DF6C20119E5A00C14520 /* LaunchScreen.storyboard */ = {
			isa = PBXVariantGroup;
			children = (
				9B86DF6D20119E5A00C14520 /* Base */,
			);
			name = LaunchScreen.storyboard;
			sourceTree = "<group>";
		};
/* End PBXVariantGroup section */

/* Begin XCBuildConfiguration section */
		9B86DF7220119E5A00C14520 /* Debug */ = {
			isa = XCBuildConfiguration;
			buildSettings = {
				ALWAYS_SEARCH_USER_PATHS = NO;
				CLANG_ANALYZER_NONNULL = YES;
				CLANG_ANALYZER_NUMBER_OBJECT_CONVERSION = YES_AGGRESSIVE;
				CLANG_CXX_LANGUAGE_STANDARD = "gnu++14";
				CLANG_CXX_LIBRARY = "libc++";
				CLANG_ENABLE_MODULES = YES;
				CLANG_ENABLE_OBJC_ARC = YES;
				CLANG_WARN_BLOCK_CAPTURE_AUTORELEASING = YES;
				CLANG_WARN_BOOL_CONVERSION = YES;
				CLANG_WARN_COMMA = YES;
				CLANG_WARN_CONSTANT_CONVERSION = YES;
				CLANG_WARN_DIRECT_OBJC_ISA_USAGE = YES_ERROR;
				CLANG_WARN_DOCUMENTATION_COMMENTS = YES;
				CLANG_WARN_EMPTY_BODY = YES;
				CLANG_WARN_ENUM_CONVERSION = YES;
				CLANG_WARN_INFINITE_RECURSION = YES;
				CLANG_WARN_INT_CONVERSION = YES;
				CLANG_WARN_NON_LITERAL_NULL_CONVERSION = YES;
				CLANG_WARN_OBJC_LITERAL_CONVERSION = YES;
				CLANG_WARN_OBJC_ROOT_CLASS = YES_ERROR;
				CLANG_WARN_RANGE_LOOP_ANALYSIS = YES;
				CLANG_WARN_STRICT_PROTOTYPES = YES;
				CLANG_WARN_SUSPICIOUS_MOVE = YES;
				CLANG_WARN_UNGUARDED_AVAILABILITY = YES_AGGRESSIVE;
				CLANG_WARN_UNREACHABLE_CODE = YES;
				CLANG_WARN__DUPLICATE_METHOD_MATCH = YES;
				CODE_SIGN_IDENTITY = "iPhone Developer";
				COPY_PHASE_STRIP = NO;
				DEBUG_INFORMATION_FORMAT = dwarf;
				ENABLE_STRICT_OBJC_MSGSEND = YES;
				ENABLE_TESTABILITY = YES;
				GCC_C_LANGUAGE_STANDARD = gnu11;
				GCC_DYNAMIC_NO_PIC = NO;
				GCC_NO_COMMON_BLOCKS = YES;
				GCC_OPTIMIZATION_LEVEL = 0;
				GCC_PREPROCESSOR_DEFINITIONS = (
					"DEBUG=1",
					"$(inherited)",
				);
				GCC_WARN_64_TO_32_BIT_CONVERSION = YES;
				GCC_WARN_ABOUT_RETURN_TYPE = YES_ERROR;
				GCC_WARN_UNDECLARED_SELECTOR = YES;
				GCC_WARN_UNINITIALIZED_AUTOS = YES_AGGRESSIVE;
				GCC_WARN_UNUSED_FUNCTION = YES;
				GCC_WARN_UNUSED_VARIABLE = YES;
				IPHONEOS_DEPLOYMENT_TARGET = 11.2;
				MTL_ENABLE_DEBUG_INFO = YES;
				ONLY_ACTIVE_ARCH = YES;
				SDKROOT = iphoneos;
			};
			name = Debug;
		};
		9B86DF7320119E5A00C14520 /* Release */ = {
			isa = XCBuildConfiguration;
			buildSettings = {
				ALWAYS_SEARCH_USER_PATHS = NO;
				CLANG_ANALYZER_NONNULL = YES;
				CLANG_ANALYZER_NUMBER_OBJECT_CONVERSION = YES_AGGRESSIVE;
				CLANG_CXX_LANGUAGE_STANDARD = "gnu++14";
				CLANG_CXX_LIBRARY = "libc++";
				CLANG_ENABLE_MODULES = YES;
				CLANG_ENABLE_OBJC_ARC = YES;
				CLANG_WARN_BLOCK_CAPTURE_AUTORELEASING = YES;
				CLANG_WARN_BOOL_CONVERSION = YES;
				CLANG_WARN_COMMA = YES;
				CLANG_WARN_CONSTANT_CONVERSION = YES;
				CLANG_WARN_DIRECT_OBJC_ISA_USAGE = YES_ERROR;
				CLANG_WARN_DOCUMENTATION_COMMENTS = YES;
				CLANG_WARN_EMPTY_BODY = YES;
				CLANG_WARN_ENUM_CONVERSION = YES;
				CLANG_WARN_INFINITE_RECURSION = YES;
				CLANG_WARN_INT_CONVERSION = YES;
				CLANG_WARN_NON_LITERAL_NULL_CONVERSION = YES;
				CLANG_WARN_OBJC_LITERAL_CONVERSION = YES;
				CLANG_WARN_OBJC_ROOT_CLASS = YES_ERROR;
				CLANG_WARN_RANGE_LOOP_ANALYSIS = YES;
				CLANG_WARN_STRICT_PROTOTYPES = YES;
				CLANG_WARN_SUSPICIOUS_MOVE = YES;
				CLANG_WARN_UNGUARDED_AVAILABILITY = YES_AGGRESSIVE;
				CLANG_WARN_UNREACHABLE_CODE = YES;
				CLANG_WARN__DUPLICATE_METHOD_MATCH = YES;
				CODE_SIGN_IDENTITY = "iPhone Developer";
				COPY_PHASE_STRIP = NO;
				DEBUG_INFORMATION_FORMAT = "dwarf-with-dsym";
				ENABLE_NS_ASSERTIONS = NO;
				ENABLE_STRICT_OBJC_MSGSEND = YES;
				GCC_C_LANGUAGE_STANDARD = gnu11;
				GCC_NO_COMMON_BLOCKS = YES;
				GCC_WARN_64_TO_32_BIT_CONVERSION = YES;
				GCC_WARN_ABOUT_RETURN_TYPE = YES_ERROR;
				GCC_WARN_UNDECLARED_SELECTOR = YES;
				GCC_WARN_UNINITIALIZED_AUTOS = YES_AGGRESSIVE;
				GCC_WARN_UNUSED_FUNCTION = YES;
				GCC_WARN_UNUSED_VARIABLE = YES;
				IPHONEOS_DEPLOYMENT_TARGET = 11.2;
				MTL_ENABLE_DEBUG_INFO = NO;
				SDKROOT = iphoneos;
				VALIDATE_PRODUCT = YES;
			};
			name = Release;
		};
		9B86DF7520119E5A00C14520 /* Debug */ = {
			isa = XCBuildConfiguration;
			baseConfigurationReference = 838E7D044B9621BE8A1A04F0 /* Pods-YZWaterfallLayout.debug.xcconfig */;
			buildSettings = {
				ASSETCATALOG_COMPILER_APPICON_NAME = AppIcon;
				CODE_SIGN_STYLE = Automatic;
				DEVELOPMENT_TEAM = M7R5TQ8AQY;
				INFOPLIST_FILE = YZWaterfallLayout/Info.plist;
				IPHONEOS_DEPLOYMENT_TARGET = 9.0;
				LD_RUNPATH_SEARCH_PATHS = "$(inherited) @executable_path/Frameworks";
				PRODUCT_BUNDLE_IDENTIFIER = com.v2tech.test;
				PRODUCT_NAME = "$(TARGET_NAME)";
				TARGETED_DEVICE_FAMILY = "1,2";
			};
			name = Debug;
		};
		9B86DF7620119E5A00C14520 /* Release */ = {
			isa = XCBuildConfiguration;
			baseConfigurationReference = DF057797FE6B217E011D5AE1 /* Pods-YZWaterfallLayout.release.xcconfig */;
			buildSettings = {
				ASSETCATALOG_COMPILER_APPICON_NAME = AppIcon;
				CODE_SIGN_STYLE = Automatic;
				DEVELOPMENT_TEAM = M7R5TQ8AQY;
				INFOPLIST_FILE = YZWaterfallLayout/Info.plist;
				IPHONEOS_DEPLOYMENT_TARGET = 9.0;
				LD_RUNPATH_SEARCH_PATHS = "$(inherited) @executable_path/Frameworks";
				PRODUCT_BUNDLE_IDENTIFIER = com.v2tech.test;
				PRODUCT_NAME = "$(TARGET_NAME)";
				TARGETED_DEVICE_FAMILY = "1,2";
			};
			name = Release;
		};
/* End XCBuildConfiguration section */

/* Begin XCConfigurationList section */
		9B86DF5920119E5A00C14520 /* Build configuration list for PBXProject "YZWaterfallLayout" */ = {
			isa = XCConfigurationList;
			buildConfigurations = (
				9B86DF7220119E5A00C14520 /* Debug */,
				9B86DF7320119E5A00C14520 /* Release */,
			);
			defaultConfigurationIsVisible = 0;
			defaultConfigurationName = Release;
		};
		9B86DF7420119E5A00C14520 /* Build configuration list for PBXNativeTarget "YZWaterfallLayout" */ = {
			isa = XCConfigurationList;
			buildConfigurations = (
				9B86DF7520119E5A00C14520 /* Debug */,
				9B86DF7620119E5A00C14520 /* Release */,
			);
			defaultConfigurationIsVisible = 0;
			defaultConfigurationName = Release;
		};
/* End XCConfigurationList section */
	};
	rootObject = 9B86DF5620119E5A00C14520 /* Project object */;
}
